
Microsoft Visual Studio Solution File, Format Version 12.00
# Visual Studio Version 17
VisualStudioVersion = 17.11.35222.181
MinimumVisualStudioVersion = 10.0.40219.1
Project("{2150E333-8FDC-42A3-9474-1A3956D46DE8}") = "Task0", "Task0", "{43F7DF3F-B37F-4569-BF5F-4BE2C00CC26C}"
EndProject
Project("{9A19103F-16F7-4668-BE54-9A1E7A4F7556}") = "Tyuiu.KarandaAR.Sprint0.Task0.V0", "Tyuiu.KarandaAR.Sprint0.Task0.V0\Tyuiu.KarandaAR.Sprint0.Task0.V0.csproj", "{0955AB31-EE91-4C95-84A4-E685231BC01E}"
EndProject
Project("{2150E333-8FDC-42A3-9474-1A3956D46DE8}") = "Task1", "Task1", "{77A520AC-18EC-41C7-A449-53E7D9128F56}"
EndProject
Project("{9A19103F-16F7-4668-BE54-9A1E7A4F7556}") = "Tyuiu.KarandaAR.Sprint0.Task1.V0", "Tyuiu.KarandaAR.Sprint0.Task1.V0\Tyuiu.KarandaAR.Sprint0.Task1.V0.csproj", "{6DA9412C-4413-43F8-81BE-D824F9E9B024}"
EndProject
Project("{2150E333-8FDC-42A3-9474-1A3956D46DE8}") = "Task2", "Task2", "{963BD2FA-411A-45A8-8946-E5B0352601F4}"
EndProject
Project("{9A19103F-16F7-4668-BE54-9A1E7A4F7556}") = "Tyuiu.KarandaAR.Sprint0.Task2.V0", "Tyuiu.KarandaAR.Sprint0.Task2.V0\Tyuiu.KarandaAR.Sprint0.Task2.V0.csproj", "{BDB03382-CBD3-489A-B051-A5831111D51C}"
EndProject
Project("{9A19103F-16F7-4668-BE54-9A1E7A4F7556}") = "Tyuiu.KarandaAR.Sprint0.Task2.V0.Lib", "Tyuiu.KarandaAR.Sprint0.Task2.V0.Lib\Tyuiu.KarandaAR.Sprint0.Task2.V0.Lib.csproj", "{4A32CD1B-55FE-40ED-BC4A-754252CED80E}"
EndProject
Project("{9A19103F-16F7-4668-BE54-9A1E7A4F7556}") = "Tyuiu.KarandaAR.Sprint0.Task2.V0.Test", "Tyuiu.KarandaAR.Sprint0.Task2.V0.Test\Tyuiu.KarandaAR.Sprint0.Task2.V0.Test.csproj", "{5D2F0100-1C0C-4171-AEE1-0012726B4B3F}"
EndProject
Project("{2150E333-8FDC-42A3-9474-1A3956D46DE8}") = "Task3", "Task3", "{78D22571-B111-4639-AC33-5D3A3FDF8B16}"
EndProject
Project("{9A19103F-16F7-4668-BE54-9A1E7A4F7556}") = "Tyuiu.KarandaAR.Sprint0.Task3.V0", "Tyuiu.KarandaAR.Sprint0.Task3.V0\Tyuiu.KarandaAR.Sprint0.Task3.V0.csproj", "{35F4B928-1CA4-4427-BEA8-0A69EC741745}"
EndProject
Project("{9A19103F-16F7-4668-BE54-9A1E7A4F7556}") = "Tyuiu.KarandaAR.Sprint0.Task3.V0.Lib", "Tyuiu.KarandaAR.Sprint0.Task3.V0.Lib\Tyuiu.KarandaAR.Sprint0.Task3.V0.Lib.csproj", "{1562EAFC-EC13-4BFE-BD42-E437E40FD79A}"
EndProject
Project("{9A19103F-16F7-4668-BE54-9A1E7A4F7556}") = "Tyuiu.KarandaAR.Sprint0.Task3.V0.Test", "Tyuiu.KarandaAR.Sprint0.Task3.V0.Test\Tyuiu.KarandaAR.Sprint0.Task3.V0.Test.csproj", "{25CFD431-DF30-4306-83F4-CC69AACD3BB6}"
EndProject
Project("{2150E333-8FDC-42A3-9474-1A3956D46DE8}") = "Task4", "Task4", "{44AAE498-9E48-4B53-9EFA-7F00490D212C}"
EndProject
Project("{9A19103F-16F7-4668-BE54-9A1E7A4F7556}") = "Tyuiu.KarandaAR.Sprint0.Task4.V0", "Tyuiu.KarandaAR.Sprint0.Task4.V0\Tyuiu.KarandaAR.Sprint0.Task4.V0.csproj", "{9DE33A5C-A864-4D17-B72B-478E229CFC93}"
EndProject
Project("{9A19103F-16F7-4668-BE54-9A1E7A4F7556}") = "Tyuiu.KarandaAR.Sprint0.Task4.V0.Lib", "Tyuiu.KarandaAR.Sprint0.Task4.V0.Lib\Tyuiu.KarandaAR.Sprint0.Task4.V0.Lib.csproj", "{88036214-75C0-4A58-A27F-53CD0CAED56F}"
EndProject
Project("{9A19103F-16F7-4668-BE54-9A1E7A4F7556}") = "Tyuiu.KarandaAR.Sprint0.Task4.V0.Test", "Tyuiu.KarandaAR.Sprint0.Task4.V0.Test\Tyuiu.KarandaAR.Sprint0.Task4.V0.Test.csproj", "{6F4CEDD0-6A27-4DD0-8267-87C73735997F}"
EndProject
Project("{2150E333-8FDC-42A3-9474-1A3956D46DE8}") = "Task5", "Task5", "{92259AEC-CA4E-4815-BBCB-10B43AE5B73B}"
EndProject
Project("{9A19103F-16F7-4668-BE54-9A1E7A4F7556}") = "Tyuiu.KarandaAR.Sprint0.Task5.V0", "Tyuiu.KarandaAR.Sprint0.Task5.V0\Tyuiu.KarandaAR.Sprint0.Task5.V0.csproj", "{F3A07ED3-8925-4B3D-92A7-65418B0D7ABE}"
EndProject
Project("{9A19103F-16F7-4668-BE54-9A1E7A4F7556}") = "Tyuiu.KarandaAR.Sprint0.Task5.V0.Lib", "Tyuiu.KarandaAR.Sprint0.Task5.V0.Lib\Tyuiu.KarandaAR.Sprint0.Task5.V0.Lib.csproj", "{62B6EE5C-5F05-4475-B698-1680E379E455}"
EndProject
Project("{9A19103F-16F7-4668-BE54-9A1E7A4F7556}") = "Tyuiu.KarandaAR.Sprint0.Task5.V0.Test", "Tyuiu.KarandaAR.Sprint0.Task5.V0.Test\Tyuiu.KarandaAR.Sprint0.Task5.V0.Test.csproj", "{B0632C80-9DF5-4D70-B89D-832464991BB5}"
EndProject
Project("{2150E333-8FDC-42A3-9474-1A3956D46DE8}") = "Task6", "Task6", "{7331B1E1-5438-4964-B957-D83FDBC2CC9A}"
EndProject
Project("{9A19103F-16F7-4668-BE54-9A1E7A4F7556}") = "Tyuiu.KarandaAR.Sprint0.Task6.V0", "Tyuiu.KarandaAR.Sprint0.Task6.V0\Tyuiu.KarandaAR.Sprint0.Task6.V0.csproj", "{F105C336-D90F-4080-BF6F-CE620034F549}"
EndProject
Project("{9A19103F-16F7-4668-BE54-9A1E7A4F7556}") = "Tyuiu.KarandaAR.Sprint0.Task6.V0.Lib", "Tyuiu.KarandaAR.Sprint0.Task6.V0.Lib\Tyuiu.KarandaAR.Sprint0.Task6.V0.Lib.csproj", "{D5BFE595-D403-441D-B250-5511FE4C2559}"
EndProject
Project("{9A19103F-16F7-4668-BE54-9A1E7A4F7556}") = "Tyuiu.KarandaAR.Sprint0.Task6.V0.Test", "Tyuiu.KarandaAR.Sprint0.V0.Task6.Test\Tyuiu.KarandaAR.Sprint0.Task6.V0.Test.csproj", "{BEA7DA22-7437-4857-9C2E-5E0138AB59E9}"
EndProject
Project("{2150E333-8FDC-42A3-9474-1A3956D46DE8}") = "Task7", "Task7", "{05F0D69F-D6DB-4275-A7E4-BE586E218EA6}"
EndProject
Project("{FAE04EC0-301F-11D3-BF4B-00C04F79EFBC}") = "Tyuiu.KarandaAR.Sprint0.Task7.V0", "Tyuiu.KarandaAR.Sprint0.V0\Tyuiu.KarandaAR.Sprint0.Task7.V0.csproj", "{06ADDD26-8717-4130-9E43-617BFF397A0A}"
EndProject
Project("{FAE04EC0-301F-11D3-BF4B-00C04F79EFBC}") = "Tyuiu.KarandaAR.Sprint0.Task7.V0.Lib", "Tyuiu.KarandaAR.Sprint0.V0.Task7.Lib\Tyuiu.KarandaAR.Sprint0.Task7.V0.Lib.csproj", "{A02CCADB-EA0E-4625-A453-D5E2E53214B8}"
EndProject
Project("{FAE04EC0-301F-11D3-BF4B-00C04F79EFBC}") = "Tyuiu.KarandaAR.Sprint0.Task7.V0.Test", "Tyuiu.KarandaAR.Sprint0.Task7.V0.Test\Tyuiu.KarandaAR.Sprint0.Task7.V0.Test.csproj", "{201E09F4-812F-4AA4-A5F2-DD7BAA61031D}"
EndProject
Global
	GlobalSection(SolutionConfigurationPlatforms) = preSolution
		Debug|Any CPU = Debug|Any CPU
		Release|Any CPU = Release|Any CPU
	EndGlobalSection
	GlobalSection(ProjectConfigurationPlatforms) = postSolution
		{0955AB31-EE91-4C95-84A4-E685231BC01E}.Debug|Any CPU.ActiveCfg = Debug|Any CPU
		{0955AB31-EE91-4C95-84A4-E685231BC01E}.Debug|Any CPU.Build.0 = Debug|Any CPU
		{0955AB31-EE91-4C95-84A4-E685231BC01E}.Release|Any CPU.ActiveCfg = Release|Any CPU
		{0955AB31-EE91-4C95-84A4-E685231BC01E}.Release|Any CPU.Build.0 = Release|Any CPU
		{6DA9412C-4413-43F8-81BE-D824F9E9B024}.Debug|Any CPU.ActiveCfg = Debug|Any CPU
		{6DA9412C-4413-43F8-81BE-D824F9E9B024}.Debug|Any CPU.Build.0 = Debug|Any CPU
		{6DA9412C-4413-43F8-81BE-D824F9E9B024}.Release|Any CPU.ActiveCfg = Release|Any CPU
		{6DA9412C-4413-43F8-81BE-D824F9E9B024}.Release|Any CPU.Build.0 = Release|Any CPU
		{BDB03382-CBD3-489A-B051-A5831111D51C}.Debug|Any CPU.ActiveCfg = Debug|Any CPU
		{BDB03382-CBD3-489A-B051-A5831111D51C}.Debug|Any CPU.Build.0 = Debug|Any CPU
		{BDB03382-CBD3-489A-B051-A5831111D51C}.Release|Any CPU.ActiveCfg = Release|Any CPU
		{BDB03382-CBD3-489A-B051-A5831111D51C}.Release|Any CPU.Build.0 = Release|Any CPU
		{4A32CD1B-55FE-40ED-BC4A-754252CED80E}.Debug|Any CPU.ActiveCfg = Debug|Any CPU
		{4A32CD1B-55FE-40ED-BC4A-754252CED80E}.Debug|Any CPU.Build.0 = Debug|Any CPU
		{4A32CD1B-55FE-40ED-BC4A-754252CED80E}.Release|Any CPU.ActiveCfg = Release|Any CPU
		{4A32CD1B-55FE-40ED-BC4A-754252CED80E}.Release|Any CPU.Build.0 = Release|Any CPU
		{5D2F0100-1C0C-4171-AEE1-0012726B4B3F}.Debug|Any CPU.ActiveCfg = Debug|Any CPU
		{5D2F0100-1C0C-4171-AEE1-0012726B4B3F}.Debug|Any CPU.Build.0 = Debug|Any CPU
		{5D2F0100-1C0C-4171-AEE1-0012726B4B3F}.Release|Any CPU.ActiveCfg = Release|Any CPU
		{5D2F0100-1C0C-4171-AEE1-0012726B4B3F}.Release|Any CPU.Build.0 = Release|Any CPU
		{35F4B928-1CA4-4427-BEA8-0A69EC741745}.Debug|Any CPU.ActiveCfg = Debug|Any CPU
		{35F4B928-1CA4-4427-BEA8-0A69EC741745}.Debug|Any CPU.Build.0 = Debug|Any CPU
		{35F4B928-1CA4-4427-BEA8-0A69EC741745}.Release|Any CPU.ActiveCfg = Release|Any CPU
		{35F4B928-1CA4-4427-BEA8-0A69EC741745}.Release|Any CPU.Build.0 = Release|Any CPU
		{1562EAFC-EC13-4BFE-BD42-E437E40FD79A}.Debug|Any CPU.ActiveCfg = Debug|Any CPU
		{1562EAFC-EC13-4BFE-BD42-E437E40FD79A}.Debug|Any CPU.Build.0 = Debug|Any CPU
		{1562EAFC-EC13-4BFE-BD42-E437E40FD79A}.Release|Any CPU.ActiveCfg = Release|Any CPU
		{1562EAFC-EC13-4BFE-BD42-E437E40FD79A}.Release|Any CPU.Build.0 = Release|Any CPU
		{25CFD431-DF30-4306-83F4-CC69AACD3BB6}.Debug|Any CPU.ActiveCfg = Debug|Any CPU
		{25CFD431-DF30-4306-83F4-CC69AACD3BB6}.Debug|Any CPU.Build.0 = Debug|Any CPU
		{25CFD431-DF30-4306-83F4-CC69AACD3BB6}.Release|Any CPU.ActiveCfg = Release|Any CPU
		{25CFD431-DF30-4306-83F4-CC69AACD3BB6}.Release|Any CPU.Build.0 = Release|Any CPU
		{9DE33A5C-A864-4D17-B72B-478E229CFC93}.Debug|Any CPU.ActiveCfg = Debug|Any CPU
		{9DE33A5C-A864-4D17-B72B-478E229CFC93}.Debug|Any CPU.Build.0 = Debug|Any CPU
		{9DE33A5C-A864-4D17-B72B-478E229CFC93}.Release|Any CPU.ActiveCfg = Release|Any CPU
		{9DE33A5C-A864-4D17-B72B-478E229CFC93}.Release|Any CPU.Build.0 = Release|Any CPU
		{88036214-75C0-4A58-A27F-53CD0CAED56F}.Debug|Any CPU.ActiveCfg = Debug|Any CPU
		{88036214-75C0-4A58-A27F-53CD0CAED56F}.Debug|Any CPU.Build.0 = Debug|Any CPU
		{88036214-75C0-4A58-A27F-53CD0CAED56F}.Release|Any CPU.ActiveCfg = Release|Any CPU
		{88036214-75C0-4A58-A27F-53CD0CAED56F}.Release|Any CPU.Build.0 = Release|Any CPU
		{6F4CEDD0-6A27-4DD0-8267-87C73735997F}.Debug|Any CPU.ActiveCfg = Debug|Any CPU
		{6F4CEDD0-6A27-4DD0-8267-87C73735997F}.Debug|Any CPU.Build.0 = Debug|Any CPU
		{6F4CEDD0-6A27-4DD0-8267-87C73735997F}.Release|Any CPU.ActiveCfg = Release|Any CPU
		{6F4CEDD0-6A27-4DD0-8267-87C73735997F}.Release|Any CPU.Build.0 = Release|Any CPU
		{F3A07ED3-8925-4B3D-92A7-65418B0D7ABE}.Debug|Any CPU.ActiveCfg = Debug|Any CPU
		{F3A07ED3-8925-4B3D-92A7-65418B0D7ABE}.Debug|Any CPU.Build.0 = Debug|Any CPU
		{F3A07ED3-8925-4B3D-92A7-65418B0D7ABE}.Release|Any CPU.ActiveCfg = Release|Any CPU
		{F3A07ED3-8925-4B3D-92A7-65418B0D7ABE}.Release|Any CPU.Build.0 = Release|Any CPU
		{62B6EE5C-5F05-4475-B698-1680E379E455}.Debug|Any CPU.ActiveCfg = Debug|Any CPU
		{62B6EE5C-5F05-4475-B698-1680E379E455}.Debug|Any CPU.Build.0 = Debug|Any CPU
		{62B6EE5C-5F05-4475-B698-1680E379E455}.Release|Any CPU.ActiveCfg = Release|Any CPU
		{62B6EE5C-5F05-4475-B698-1680E379E455}.Release|Any CPU.Build.0 = Release|Any CPU
		{B0632C80-9DF5-4D70-B89D-832464991BB5}.Debug|Any CPU.ActiveCfg = Debug|Any CPU
		{B0632C80-9DF5-4D70-B89D-832464991BB5}.Debug|Any CPU.Build.0 = Debug|Any CPU
		{B0632C80-9DF5-4D70-B89D-832464991BB5}.Release|Any CPU.ActiveCfg = Release|Any CPU
		{B0632C80-9DF5-4D70-B89D-832464991BB5}.Release|Any CPU.Build.0 = Release|Any CPU
		{F105C336-D90F-4080-BF6F-CE620034F549}.Debug|Any CPU.ActiveCfg = Debug|Any CPU
		{F105C336-D90F-4080-BF6F-CE620034F549}.Debug|Any CPU.Build.0 = Debug|Any CPU
		{F105C336-D90F-4080-BF6F-CE620034F549}.Release|Any CPU.ActiveCfg = Release|Any CPU
		{F105C336-D90F-4080-BF6F-CE620034F549}.Release|Any CPU.Build.0 = Release|Any CPU
		{D5BFE595-D403-441D-B250-5511FE4C2559}.Debug|Any CPU.ActiveCfg = Debug|Any CPU
		{D5BFE595-D403-441D-B250-5511FE4C2559}.Debug|Any CPU.Build.0 = Debug|Any CPU
		{D5BFE595-D403-441D-B250-5511FE4C2559}.Release|Any CPU.ActiveCfg = Release|Any CPU
		{D5BFE595-D403-441D-B250-5511FE4C2559}.Release|Any CPU.Build.0 = Release|Any CPU
		{BEA7DA22-7437-4857-9C2E-5E0138AB59E9}.Debug|Any CPU.ActiveCfg = Debug|Any CPU
		{BEA7DA22-7437-4857-9C2E-5E0138AB59E9}.Debug|Any CPU.Build.0 = Debug|Any CPU
		{BEA7DA22-7437-4857-9C2E-5E0138AB59E9}.Release|Any CPU.ActiveCfg = Release|Any CPU
		{BEA7DA22-7437-4857-9C2E-5E0138AB59E9}.Release|Any CPU.Build.0 = Release|Any CPU
		{06ADDD26-8717-4130-9E43-617BFF397A0A}.Debug|Any CPU.ActiveCfg = Debug|Any CPU
		{06ADDD26-8717-4130-9E43-617BFF397A0A}.Debug|Any CPU.Build.0 = Debug|Any CPU
		{06ADDD26-8717-4130-9E43-617BFF397A0A}.Release|Any CPU.ActiveCfg = Release|Any CPU
		{06ADDD26-8717-4130-9E43-617BFF397A0A}.Release|Any CPU.Build.0 = Release|Any CPU
		{A02CCADB-EA0E-4625-A453-D5E2E53214B8}.Debug|Any CPU.ActiveCfg = Debug|Any CPU
		{A02CCADB-EA0E-4625-A453-D5E2E53214B8}.Debug|Any CPU.Build.0 = Debug|Any CPU
		{A02CCADB-EA0E-4625-A453-D5E2E53214B8}.Release|Any CPU.ActiveCfg = Release|Any CPU
		{A02CCADB-EA0E-4625-A453-D5E2E53214B8}.Release|Any CPU.Build.0 = Release|Any CPU
		{201E09F4-812F-4AA4-A5F2-DD7BAA61031D}.Debug|Any CPU.ActiveCfg = Debug|Any CPU
		{201E09F4-812F-4AA4-A5F2-DD7BAA61031D}.Debug|Any CPU.Build.0 = Debug|Any CPU
		{201E09F4-812F-4AA4-A5F2-DD7BAA61031D}.Release|Any CPU.ActiveCfg = Release|Any CPU
		{201E09F4-812F-4AA4-A5F2-DD7BAA61031D}.Release|Any CPU.Build.0 = Release|Any CPU
	EndGlobalSection
	GlobalSection(SolutionProperties) = preSolution
		HideSolutionNode = FALSE
	EndGlobalSection
	GlobalSection(NestedProjects) = preSolution
		{0955AB31-EE91-4C95-84A4-E685231BC01E} = {43F7DF3F-B37F-4569-BF5F-4BE2C00CC26C}
		{6DA9412C-4413-43F8-81BE-D824F9E9B024} = {77A520AC-18EC-41C7-A449-53E7D9128F56}
		{BDB03382-CBD3-489A-B051-A5831111D51C} = {963BD2FA-411A-45A8-8946-E5B0352601F4}
		{4A32CD1B-55FE-40ED-BC4A-754252CED80E} = {963BD2FA-411A-45A8-8946-E5B0352601F4}
		{5D2F0100-1C0C-4171-AEE1-0012726B4B3F} = {963BD2FA-411A-45A8-8946-E5B0352601F4}
		{35F4B928-1CA4-4427-BEA8-0A69EC741745} = {78D22571-B111-4639-AC33-5D3A3FDF8B16}
		{1562EAFC-EC13-4BFE-BD42-E437E40FD79A} = {78D22571-B111-4639-AC33-5D3A3FDF8B16}
		{25CFD431-DF30-4306-83F4-CC69AACD3BB6} = {78D22571-B111-4639-AC33-5D3A3FDF8B16}
		{9DE33A5C-A864-4D17-B72B-478E229CFC93} = {44AAE498-9E48-4B53-9EFA-7F00490D212C}
		{88036214-75C0-4A58-A27F-53CD0CAED56F} = {44AAE498-9E48-4B53-9EFA-7F00490D212C}
		{6F4CEDD0-6A27-4DD0-8267-87C73735997F} = {44AAE498-9E48-4B53-9EFA-7F00490D212C}
		{F3A07ED3-8925-4B3D-92A7-65418B0D7ABE} = {92259AEC-CA4E-4815-BBCB-10B43AE5B73B}
		{62B6EE5C-5F05-4475-B698-1680E379E455} = {92259AEC-CA4E-4815-BBCB-10B43AE5B73B}
		{B0632C80-9DF5-4D70-B89D-832464991BB5} = {92259AEC-CA4E-4815-BBCB-10B43AE5B73B}
		{F105C336-D90F-4080-BF6F-CE620034F549} = {7331B1E1-5438-4964-B957-D83FDBC2CC9A}
		{D5BFE595-D403-441D-B250-5511FE4C2559} = {7331B1E1-5438-4964-B957-D83FDBC2CC9A}
		{BEA7DA22-7437-4857-9C2E-5E0138AB59E9} = {7331B1E1-5438-4964-B957-D83FDBC2CC9A}
		{06ADDD26-8717-4130-9E43-617BFF397A0A} = {05F0D69F-D6DB-4275-A7E4-BE586E218EA6}
		{A02CCADB-EA0E-4625-A453-D5E2E53214B8} = {05F0D69F-D6DB-4275-A7E4-BE586E218EA6}
		{201E09F4-812F-4AA4-A5F2-DD7BAA61031D} = {05F0D69F-D6DB-4275-A7E4-BE586E218EA6}
	EndGlobalSection
	GlobalSection(ExtensibilityGlobals) = postSolution
		SolutionGuid = {CC595BF8-30E6-4BBB-9F7A-71462B1108D8}
	EndGlobalSection
EndGlobal
